
Microsoft Visual Studio Solution File, Format Version 12.00
# Visual Studio Version 16
VisualStudioVersion = 16.0.28803.202
MinimumVisualStudioVersion = 10.0.40219.1
Project("{9A19103F-16F7-4668-BE54-9A1E7A4F7556}") = "Lab13RockPaperScissors", "Lab13RockPaperScissors.csproj", "{AD3EC1B3-2657-4282-9C21-4FA51F8BC585}"
EndProject
Global
	GlobalSection(SolutionConfigurationPlatforms) = preSolution
		Debug|Any CPU = Debug|Any CPU
		Release|Any CPU = Release|Any CPU
	EndGlobalSection
	GlobalSection(ProjectConfigurationPlatforms) = postSolution
		{AD3EC1B3-2657-4282-9C21-4FA51F8BC585}.Debug|Any CPU.ActiveCfg = Debug|Any CPU
		{AD3EC1B3-2657-4282-9C21-4FA51F8BC585}.Debug|Any CPU.Build.0 = Debug|Any CPU
		{AD3EC1B3-2657-4282-9C21-4FA51F8BC585}.Release|Any CPU.ActiveCfg = Release|Any CPU
		{AD3EC1B3-2657-4282-9C21-4FA51F8BC585}.Release|Any CPU.Build.0 = Release|Any CPU
	EndGlobalSection
	GlobalSection(SolutionProperties) = preSolution
		HideSolutionNode = FALSE
	EndGlobalSection
	GlobalSection(ExtensibilityGlobals) = postSolution
		SolutionGuid = {34FCB493-B2C7-43F3-8655-0EFBBCC1426C}
	EndGlobalSection
EndGlobal
